<?xml version="1.0" encoding="utf-8"?>
<Project ToolsVersion="4.0" xmlns="http://schemas.microsoft.com/developer/msbuild/2003">
  <ItemGroup>
    <Filter Include="Source Files">
      <UniqueIdentifier>{4FC737F1-C7A5-4376-A066-2A32D752A2FF}</UniqueIdentifier>
      <Extensions>cpp;c;cc;cxx;def;odl;idl;hpj;bat;asm;asmx</Extensions>
    </Filter>
    <Filter Include="Header Files">
      <UniqueIdentifier>{93995380-89BD-4b04-88EB-625FBE52EBFB}</UniqueIdentifier>
      <Extensions>h;hh;hpp;hxx;hm;inl;inc;ipp;xsd</Extensions>
    </Filter>
    <Filter Include="Header Files\Mesh">
      <UniqueIdentifier>{960085dd-36b0-43a9-a2f5-5986d5f53d57}</UniqueIdentifier>
    </Filter>
    <Filter Include="Source Files\Mesh">
      <UniqueIdentifier>{d82db193-4448-46e3-b992-047884bcbad6}</UniqueIdentifier>
    </Filter>
    <Filter Include="Header Files\ImportedLibs">
      <UniqueIdentifier>{dd9fe4c3-cca9-413c-9ef5-2e71e400f168}</UniqueIdentifier>
    </Filter>
    <Filter Include="Source Files\ImportedLibs">
      <UniqueIdentifier>{993deff2-600a-487f-9970-36e5fc52d75f}</UniqueIdentifier>
    </Filter>
    <Filter Include="Header Files\Components">
      <UniqueIdentifier>{fad582d7-35ef-4384-b8a8-ad5cb5070135}</UniqueIdentifier>
    </Filter>
    <Filter Include="Source Files\Components">
      <UniqueIdentifier>{472da6bc-54c4-4a56-92c1-81fc1d86d5c7}</UniqueIdentifier>
    </Filter>
    <Filter Include="Header Files\Window">
      <UniqueIdentifier>{32996e39-d53a-43e0-99de-54f56ec6612e}</UniqueIdentifier>
    </Filter>
    <Filter Include="Header Files\Window\Renderer">
      <UniqueIdentifier>{2b61d7f9-cb0a-4f22-8071-70a1a85bc050}</UniqueIdentifier>
    </Filter>
    <Filter Include="Header Files\Window\Input">
      <UniqueIdentifier>{01cd69ce-8bb5-453e-a0a1-7fd9ba273c6b}</UniqueIdentifier>
    </Filter>
    <Filter Include="Source Files\Window">
      <UniqueIdentifier>{28dde964-fceb-426a-b6ae-6fd10e6a74f7}</UniqueIdentifier>
    </Filter>
    <Filter Include="Source Files\Window\Renderer">
      <UniqueIdentifier>{e3f8f06b-598a-4ada-a1a5-155d116a6ade}</UniqueIdentifier>
    </Filter>
    <Filter Include="Source Files\Window\Input">
      <UniqueIdentifier>{72f43c87-74ce-4f9b-8a5f-d524508a7f3f}</UniqueIdentifier>
    </Filter>
    <Filter Include="Source Files\Resource Files">
      <UniqueIdentifier>{67DA6AB6-F800-4c08-8B7A-83BB121AAD01}</UniqueIdentifier>
      <Extensions>rc;ico;cur;bmp;dlg;rc2;rct;bin;rgs;gif;jpg;jpeg;jpe;resx;tiff;tif;png;wav;mfcribbon-ms</Extensions>
    </Filter>
    <Filter Include="Header Files\Useful">
      <UniqueIdentifier>{cd9f3fd6-c927-429d-9dfd-9e8698d9567b}</UniqueIdentifier>
    </Filter>
    <Filter Include="Source Files\Useful">
      <UniqueIdentifier>{9953cd97-7e19-4069-a30c-58b954d223f2}</UniqueIdentifier>
    </Filter>
  </ItemGroup>
  <ItemGroup>
    <ClCompile Include="main.cpp">
      <Filter>Source Files</Filter>
    </ClCompile>
    <ClCompile Include="RenderWindow.cpp">
      <Filter>Source Files\Window\Renderer</Filter>
    </ClCompile>
    <ClCompile Include="Shader.cpp">
      <Filter>Source Files\Window\Renderer</Filter>
    </ClCompile>
    <ClCompile Include="stb_image.cpp">
      <Filter>Source Files\ImportedLibs</Filter>
    </ClCompile>
    <ClCompile Include="Mesh.cpp">
      <Filter>Source Files\Mesh</Filter>
    </ClCompile>
    <ClCompile Include="Model.cpp">
      <Filter>Source Files\Mesh</Filter>
    </ClCompile>
    <ClCompile Include="Camera.cpp">
      <Filter>Source Files\Components</Filter>
    </ClCompile>
    <ClCompile Include="Other\glad.c">
      <Filter>Source Files\ImportedLibs</Filter>
    </ClCompile>
    <ClCompile Include="InputManager.cpp">
      <Filter>Source Files\Window\Input</Filter>
    </ClCompile>
    <ClCompile Include="InputKey.cpp">
      <Filter>Source Files\Window\Input</Filter>
    </ClCompile>
    <ClCompile Include="ModelManager.cpp">
      <Filter>Source Files\Mesh</Filter>
    </ClCompile>
    <ClCompile Include="Application.cpp">
      <Filter>Source Files\Window\Renderer</Filter>
    </ClCompile>
    <ClCompile Include="SandboxApp.cpp">
      <Filter>Source Files</Filter>
    </ClCompile>
    <ClCompile Include="StaticMesh.cpp">
      <Filter>Source Files\Components</Filter>
    </ClCompile>
    <ClCompile Include="InputMouseButton.cpp">
      <Filter>Source Files\Window\Input</Filter>
    </ClCompile>
    <ClCompile Include="Transform.cpp">
      <Filter>Source Files\Useful</Filter>
    </ClCompile>
    <ClCompile Include="Component.cpp">
      <Filter>Source Files\Components</Filter>
    </ClCompile>
    <ClCompile Include="Light.cpp">
      <Filter>Source Files</Filter>
    </ClCompile>
  </ItemGroup>
  <ItemGroup>
    <ClInclude Include="resource.h">
      <Filter>Header Files</Filter>
    </ClInclude>
    <ClInclude Include="RenderWindow.h">
      <Filter>Header Files\Window\Renderer</Filter>
    </ClInclude>
    <ClInclude Include="Shader.h">
      <Filter>Header Files\Window\Renderer</Filter>
    </ClInclude>
    <ClInclude Include="stb_image.h">
      <Filter>Header Files\ImportedLibs</Filter>
    </ClInclude>
    <ClInclude Include="Mesh.h">
      <Filter>Header Files\Mesh</Filter>
    </ClInclude>
    <ClInclude Include="Model.h">
      <Filter>Header Files\Mesh</Filter>
    </ClInclude>
    <ClInclude Include="Camera.h">
      <Filter>Header Files\Components</Filter>
    </ClInclude>
    <ClInclude Include="InputManager.h">
      <Filter>Header Files\Window\Input</Filter>
    </ClInclude>
    <ClInclude Include="ButtonEnums.h">
      <Filter>Header Files\Window\Input</Filter>
    </ClInclude>
    <ClInclude Include="InputKey.h">
      <Filter>Header Files\Window\Input</Filter>
    </ClInclude>
    <ClInclude Include="ModelManager.h">
      <Filter>Header Files\Mesh</Filter>
    </ClInclude>
    <ClInclude Include="Application.h">
      <Filter>Header Files\Window\Renderer</Filter>
    </ClInclude>
    <ClInclude Include="SandboxApp.h">
      <Filter>Header Files</Filter>
    </ClInclude>
    <ClInclude Include="AxeAPI.h">
      <Filter>Header Files</Filter>
    </ClInclude>
    <ClInclude Include="StaticMesh.h">
      <Filter>Header Files\Components</Filter>
    </ClInclude>
    <ClInclude Include="InputMouseButton.h">
      <Filter>Header Files\Window\Input</Filter>
    </ClInclude>
    <ClInclude Include="Component.h">
      <Filter>Header Files\Components</Filter>
    </ClInclude>
    <ClInclude Include="Transform.h">
      <Filter>Header Files\Useful</Filter>
    </ClInclude>
    <ClInclude Include="Light.h">
      <Filter>Header Files</Filter>
    </ClInclude>
  </ItemGroup>
  <ItemGroup>
    <ResourceCompile Include="Axe3D.rc">
      <Filter>Source Files\Resource Files</Filter>
    </ResourceCompile>
  </ItemGroup>
  <ItemGroup>
    <Text Include="Shaders\FragmentShader.txt">
      <Filter>Source Files\Resource Files</Filter>
    </Text>
    <Text Include="Shaders\VertexShader.txt">
      <Filter>Source Files\Resource Files</Filter>
    </Text>
  </ItemGroup>
</Project>